
Microsoft Visual Studio Solution File, Format Version 12.00
# Visual Studio 15
VisualStudioVersion = 15.0.28010.2019
MinimumVisualStudioVersion = 10.0.40219.1
Project("{FAE04EC0-301F-11D3-BF4B-00C04F79EFBC}") = "FurtinureMart", "FurtinureMart\FurtinureMart.csproj", "{D37F6D0E-6B9B-47A2-955F-84A579A0DBC3}"
EndProject
Global
	GlobalSection(SolutionConfigurationPlatforms) = preSolution
		Debug|Any CPU = Debug|Any CPU
		Release|Any CPU = Release|Any CPU
	EndGlobalSection
	GlobalSection(ProjectConfigurationPlatforms) = postSolution
		{D37F6D0E-6B9B-47A2-955F-84A579A0DBC3}.Debug|Any CPU.ActiveCfg = Debug|Any CPU
		{D37F6D0E-6B9B-47A2-955F-84A579A0DBC3}.Debug|Any CPU.Build.0 = Debug|Any CPU
		{D37F6D0E-6B9B-47A2-955F-84A579A0DBC3}.Release|Any CPU.ActiveCfg = Release|Any CPU
		{D37F6D0E-6B9B-47A2-955F-84A579A0DBC3}.Release|Any CPU.Build.0 = Release|Any CPU
	EndGlobalSection
	GlobalSection(SolutionProperties) = preSolution
		HideSolutionNode = FALSE
	EndGlobalSection
	GlobalSection(ExtensibilityGlobals) = postSolution
		SolutionGuid = {C8C5629C-7061-424A-A818-8047F5C04529}
	EndGlobalSection
EndGlobal
